
Microsoft Visual Studio Solution File, Format Version 12.00
# Visual Studio Version 16
VisualStudioVersion = 16.0.33423.256
MinimumVisualStudioVersion = 10.0.40219.1
Project("{8BC9CEB8-8B4A-11D0-8D11-00A0C91BC942}") = "ChatServer", "ChatServer.vcxproj", "{1F9DEB29-9293-4306-8311-0F561F762F65}"
EndProject
Global
	GlobalSection(SolutionConfigurationPlatforms) = preSolution
		Debug|x64 = Debug|x64
		Debug|x86 = Debug|x86
		Release|x64 = Release|x64
		Release|x86 = Release|x86
	EndGlobalSection
	GlobalSection(ProjectConfigurationPlatforms) = postSolution
		{1F9DEB29-9293-4306-8311-0F561F762F65}.Debug|x64.ActiveCfg = Debug|x64
		{1F9DEB29-9293-4306-8311-0F561F762F65}.Debug|x64.Build.0 = Debug|x64
		{1F9DEB29-9293-4306-8311-0F561F762F65}.Debug|x86.ActiveCfg = Debug|Win32
		{1F9DEB29-9293-4306-8311-0F561F762F65}.Debug|x86.Build.0 = Debug|Win32
		{1F9DEB29-9293-4306-8311-0F561F762F65}.Release|x64.ActiveCfg = Release|x64
		{1F9DEB29-9293-4306-8311-0F561F762F65}.Release|x64.Build.0 = Release|x64
		{1F9DEB29-9293-4306-8311-0F561F762F65}.Release|x86.ActiveCfg = Release|Win32
		{1F9DEB29-9293-4306-8311-0F561F762F65}.Release|x86.Build.0 = Release|Win32
	EndGlobalSection
	GlobalSection(SolutionProperties) = preSolution
		HideSolutionNode = FALSE
	EndGlobalSection
	GlobalSection(ExtensibilityGlobals) = postSolution
		SolutionGuid = {F1A8A36E-9CCD-4AA7-9130-3BDAA80B07ED}
	EndGlobalSection
EndGlobal
